
Microsoft Visual Studio Solution File, Format Version 12.00
# Visual Studio Version 16
VisualStudioVersion = 16.0.30406.217
MinimumVisualStudioVersion = 10.0.40219.1
Project("{9A19103F-16F7-4668-BE54-9A1E7A4F7556}") = "AuthoryMasterServer", "AuthoryMasterServer.csproj", "{116A66B6-E137-4F7E-AC1D-AAD6BFA0DF74}"
EndProject
Project("{FAE04EC0-301F-11D3-BF4B-00C04F79EFBC}") = "Lidgren.Network", "..\lidgren-network-gen3-master\Lidgren.Network\Lidgren.Network.csproj", "{49BA1C69-6104-41AC-A5D8-B54FA9F696E8}"
EndProject
Global
	GlobalSection(SolutionConfigurationPlatforms) = preSolution
		Debug|Any CPU = Debug|Any CPU
		Release|Any CPU = Release|Any CPU
	EndGlobalSection
	GlobalSection(ProjectConfigurationPlatforms) = postSolution
		{116A66B6-E137-4F7E-AC1D-AAD6BFA0DF74}.Debug|Any CPU.ActiveCfg = Debug|Any CPU
		{116A66B6-E137-4F7E-AC1D-AAD6BFA0DF74}.Debug|Any CPU.Build.0 = Debug|Any CPU
		{116A66B6-E137-4F7E-AC1D-AAD6BFA0DF74}.Release|Any CPU.ActiveCfg = Release|Any CPU
		{116A66B6-E137-4F7E-AC1D-AAD6BFA0DF74}.Release|Any CPU.Build.0 = Release|Any CPU
		{49BA1C69-6104-41AC-A5D8-B54FA9F696E8}.Debug|Any CPU.ActiveCfg = Debug|Any CPU
		{49BA1C69-6104-41AC-A5D8-B54FA9F696E8}.Debug|Any CPU.Build.0 = Debug|Any CPU
		{49BA1C69-6104-41AC-A5D8-B54FA9F696E8}.Release|Any CPU.ActiveCfg = Release|Any CPU
		{49BA1C69-6104-41AC-A5D8-B54FA9F696E8}.Release|Any CPU.Build.0 = Release|Any CPU
	EndGlobalSection
	GlobalSection(SolutionProperties) = preSolution
		HideSolutionNode = FALSE
	EndGlobalSection
	GlobalSection(ExtensibilityGlobals) = postSolution
		SolutionGuid = {DA0B63F6-A2E1-43F3-A68C-E9E23BC9F7F1}
	EndGlobalSection
EndGlobal
